
Microsoft Visual Studio Solution File, Format Version 12.00
# Visual Studio Version 16
VisualStudioVersion = 16.0.30309.148
MinimumVisualStudioVersion = 10.0.40219.1
Project("{FAE04EC0-301F-11D3-BF4B-00C04F79EFBC}") = "DDA", "DDA\DDA.csproj", "{FA046492-7D87-447D-9D43-6AB817C33768}"
EndProject
Global
	GlobalSection(SolutionConfigurationPlatforms) = preSolution
		Debug|Any CPU = Debug|Any CPU
		Release|Any CPU = Release|Any CPU
	EndGlobalSection
	GlobalSection(ProjectConfigurationPlatforms) = postSolution
		{FA046492-7D87-447D-9D43-6AB817C33768}.Debug|Any CPU.ActiveCfg = Debug|Any CPU
		{FA046492-7D87-447D-9D43-6AB817C33768}.Debug|Any CPU.Build.0 = Debug|Any CPU
		{FA046492-7D87-447D-9D43-6AB817C33768}.Release|Any CPU.ActiveCfg = Release|Any CPU
		{FA046492-7D87-447D-9D43-6AB817C33768}.Release|Any CPU.Build.0 = Release|Any CPU
	EndGlobalSection
	GlobalSection(SolutionProperties) = preSolution
		HideSolutionNode = FALSE
	EndGlobalSection
	GlobalSection(ExtensibilityGlobals) = postSolution
		SolutionGuid = {B967AB86-D11D-429F-96AD-CE12BC8CE63F}
	EndGlobalSection
EndGlobal
