
Microsoft Visual Studio Solution File, Format Version 12.00
# Visual Studio Version 16
VisualStudioVersion = 16.0.30309.148
MinimumVisualStudioVersion = 10.0.40219.1
Project("{FAE04EC0-301F-11D3-BF4B-00C04F79EFBC}") = "DDA", "DDA\DDA.csproj", "{6835BA7B-74A2-4B2F-BCA6-014885430373}"
EndProject
Global
	GlobalSection(SolutionConfigurationPlatforms) = preSolution
		Debug|Any CPU = Debug|Any CPU
		Release|Any CPU = Release|Any CPU
	EndGlobalSection
	GlobalSection(ProjectConfigurationPlatforms) = postSolution
		{6835BA7B-74A2-4B2F-BCA6-014885430373}.Debug|Any CPU.ActiveCfg = Debug|Any CPU
		{6835BA7B-74A2-4B2F-BCA6-014885430373}.Debug|Any CPU.Build.0 = Debug|Any CPU
		{6835BA7B-74A2-4B2F-BCA6-014885430373}.Release|Any CPU.ActiveCfg = Release|Any CPU
		{6835BA7B-74A2-4B2F-BCA6-014885430373}.Release|Any CPU.Build.0 = Release|Any CPU
	EndGlobalSection
	GlobalSection(SolutionProperties) = preSolution
		HideSolutionNode = FALSE
	EndGlobalSection
	GlobalSection(ExtensibilityGlobals) = postSolution
		SolutionGuid = {59F2B4CD-57A2-423C-9CC1-A9B8B28701A3}
	EndGlobalSection
EndGlobal
